
Microsoft Visual Studio Solution File, Format Version 12.00
# Visual Studio 15
VisualStudioVersion = 15.0.28307.539
MinimumVisualStudioVersion = 10.0.40219.1
Project("{FAE04EC0-301F-11D3-BF4B-00C04F79EFBC}") = "WebApplication2", "WebApplication2\WebApplication2.csproj", "{BD310B49-87C6-4C24-9B5A-0A3CDBE730D7}"
EndProject
Project("{FAE04EC0-301F-11D3-BF4B-00C04F79EFBC}") = "Data", "Data\Data.csproj", "{5889DBC9-B10E-4338-9FB2-0A0B8C20A720}"
EndProject
Project("{FAE04EC0-301F-11D3-BF4B-00C04F79EFBC}") = "Services", "Services\Services.csproj", "{B827ABCD-759E-4969-A3C6-0CE9580CC6CE}"
EndProject
Global
	GlobalSection(SolutionConfigurationPlatforms) = preSolution
		Debug|Any CPU = Debug|Any CPU
		Release|Any CPU = Release|Any CPU
	EndGlobalSection
	GlobalSection(ProjectConfigurationPlatforms) = postSolution
		{BD310B49-87C6-4C24-9B5A-0A3CDBE730D7}.Debug|Any CPU.ActiveCfg = Debug|Any CPU
		{BD310B49-87C6-4C24-9B5A-0A3CDBE730D7}.Debug|Any CPU.Build.0 = Debug|Any CPU
		{BD310B49-87C6-4C24-9B5A-0A3CDBE730D7}.Release|Any CPU.ActiveCfg = Release|Any CPU
		{BD310B49-87C6-4C24-9B5A-0A3CDBE730D7}.Release|Any CPU.Build.0 = Release|Any CPU
		{5889DBC9-B10E-4338-9FB2-0A0B8C20A720}.Debug|Any CPU.ActiveCfg = Debug|Any CPU
		{5889DBC9-B10E-4338-9FB2-0A0B8C20A720}.Debug|Any CPU.Build.0 = Debug|Any CPU
		{5889DBC9-B10E-4338-9FB2-0A0B8C20A720}.Release|Any CPU.ActiveCfg = Release|Any CPU
		{5889DBC9-B10E-4338-9FB2-0A0B8C20A720}.Release|Any CPU.Build.0 = Release|Any CPU
		{B827ABCD-759E-4969-A3C6-0CE9580CC6CE}.Debug|Any CPU.ActiveCfg = Debug|Any CPU
		{B827ABCD-759E-4969-A3C6-0CE9580CC6CE}.Debug|Any CPU.Build.0 = Debug|Any CPU
		{B827ABCD-759E-4969-A3C6-0CE9580CC6CE}.Release|Any CPU.ActiveCfg = Release|Any CPU
		{B827ABCD-759E-4969-A3C6-0CE9580CC6CE}.Release|Any CPU.Build.0 = Release|Any CPU
	EndGlobalSection
	GlobalSection(SolutionProperties) = preSolution
		HideSolutionNode = FALSE
	EndGlobalSection
	GlobalSection(ExtensibilityGlobals) = postSolution
		SolutionGuid = {7D4BA83E-A0E9-4026-8A6E-3CD37DFF42C4}
	EndGlobalSection
EndGlobal
